// !$*UTF8*$!
{
	archiveVersion = 1;
	classes = {
	};
	objectVersion = 51;
	objects = {

/* Begin PBXBuildFile section */
		49716DF8B6A5AA9B98E793DD /* Pods_JCS_Monitor.framework in Frameworks */ = {isa = PBXBuildFile; fileRef = F03DA5527D331B1CFAF49478 /* Pods_JCS_Monitor.framework */; };
		7D19841623D6CFCC005AAE92 /* JCS_NetMonitorListCell.m in Sources */ = {isa = PBXBuildFile; fileRef = 7D19841523D6CFCC005AAE92 /* JCS_NetMonitorListCell.m */; };
		7D19841923D6DF53005AAE92 /* JCS_NetMonitorDetailVC.m in Sources */ = {isa = PBXBuildFile; fileRef = 7D19841823D6DF53005AAE92 /* JCS_NetMonitorDetailVC.m */; };
		7D19841E23D6E099005AAE92 /* JCS_NetMonitorDetailContentVC.m in Sources */ = {isa = PBXBuildFile; fileRef = 7D19841D23D6E099005AAE92 /* JCS_NetMonitorDetailContentVC.m */; };
		7D19842123D6E0EC005AAE92 /* JCS_NetMonitorDetailHeaderView.m in Sources */ = {isa = PBXBuildFile; fileRef = 7D19842023D6E0EC005AAE92 /* JCS_NetMonitorDetailHeaderView.m */; };
		7D19842423D6E6C8005AAE92 /* JCS_NetMonitorDetailSinglePlainTextCell.m in Sources */ = {isa = PBXBuildFile; fileRef = 7D19842323D6E6C8005AAE92 /* JCS_NetMonitorDetailSinglePlainTextCell.m */; };
		7D19842723D6E735005AAE92 /* JCS_NetMonitorDetailRowsPlainTextCell.m in Sources */ = {isa = PBXBuildFile; fileRef = 7D19842623D6E735005AAE92 /* JCS_NetMonitorDetailRowsPlainTextCell.m */; };
		7D19842A23D6E756005AAE92 /* JCS_NetMonitorDetailHeaderFieldCell.m in Sources */ = {isa = PBXBuildFile; fileRef = 7D19842923D6E756005AAE92 /* JCS_NetMonitorDetailHeaderFieldCell.m */; };
		7D19842E23D6E7B5005AAE92 /* JCS_NetMonitorRecordModel.m in Sources */ = {isa = PBXBuildFile; fileRef = 7D19842D23D6E7B5005AAE92 /* JCS_NetMonitorRecordModel.m */; };
		7D19843423D6E8B3005AAE92 /* JCS_NetMonitorDetailSingleArrowCell.m in Sources */ = {isa = PBXBuildFile; fileRef = 7D19843323D6E8B3005AAE92 /* JCS_NetMonitorDetailSingleArrowCell.m */; };
		7D3E58FD23D6906A009D473F /* JCS_NetMonitorVC.m in Sources */ = {isa = PBXBuildFile; fileRef = 7D3E58FC23D6906A009D473F /* JCS_NetMonitorVC.m */; };
		7D45A19323D68A6500FD2977 /* AppDelegate.m in Sources */ = {isa = PBXBuildFile; fileRef = 7D45A19223D68A6500FD2977 /* AppDelegate.m */; };
		7D45A19623D68A6500FD2977 /* SceneDelegate.m in Sources */ = {isa = PBXBuildFile; fileRef = 7D45A19523D68A6500FD2977 /* SceneDelegate.m */; };
		7D45A19923D68A6500FD2977 /* ViewController.m in Sources */ = {isa = PBXBuildFile; fileRef = 7D45A19823D68A6500FD2977 /* ViewController.m */; };
		7D45A19C23D68A6500FD2977 /* Main.storyboard in Resources */ = {isa = PBXBuildFile; fileRef = 7D45A19A23D68A6500FD2977 /* Main.storyboard */; };
		7D45A19E23D68A6700FD2977 /* Assets.xcassets in Resources */ = {isa = PBXBuildFile; fileRef = 7D45A19D23D68A6700FD2977 /* Assets.xcassets */; };
		7D45A1A123D68A6700FD2977 /* LaunchScreen.storyboard in Resources */ = {isa = PBXBuildFile; fileRef = 7D45A19F23D68A6700FD2977 /* LaunchScreen.storyboard */; };
		7D45A1A423D68A6700FD2977 /* main.m in Sources */ = {isa = PBXBuildFile; fileRef = 7D45A1A323D68A6700FD2977 /* main.m */; };
/* End PBXBuildFile section */

/* Begin PBXFileReference section */
		79FB9EDDEB489AFA02B7A133 /* Pods-JCS_Monitor.release.xcconfig */ = {isa = PBXFileReference; includeInIndex = 1; lastKnownFileType = text.xcconfig; name = "Pods-JCS_Monitor.release.xcconfig"; path = "Target Support Files/Pods-JCS_Monitor/Pods-JCS_Monitor.release.xcconfig"; sourceTree = "<group>"; };
		7D19841423D6CFCC005AAE92 /* JCS_NetMonitorListCell.h */ = {isa = PBXFileReference; lastKnownFileType = sourcecode.c.h; path = JCS_NetMonitorListCell.h; sourceTree = "<group>"; };
		7D19841523D6CFCC005AAE92 /* JCS_NetMonitorListCell.m */ = {isa = PBXFileReference; lastKnownFileType = sourcecode.c.objc; path = JCS_NetMonitorListCell.m; sourceTree = "<group>"; };
		7D19841723D6DF53005AAE92 /* JCS_NetMonitorDetailVC.h */ = {isa = PBXFileReference; lastKnownFileType = sourcecode.c.h; path = JCS_NetMonitorDetailVC.h; sourceTree = "<group>"; };
		7D19841823D6DF53005AAE92 /* JCS_NetMonitorDetailVC.m */ = {isa = PBXFileReference; lastKnownFileType = sourcecode.c.objc; path = JCS_NetMonitorDetailVC.m; sourceTree = "<group>"; };
		7D19841C23D6E099005AAE92 /* JCS_NetMonitorDetailContentVC.h */ = {isa = PBXFileReference; lastKnownFileType = sourcecode.c.h; path = JCS_NetMonitorDetailContentVC.h; sourceTree = "<group>"; };
		7D19841D23D6E099005AAE92 /* JCS_NetMonitorDetailContentVC.m */ = {isa = PBXFileReference; lastKnownFileType = sourcecode.c.objc; path = JCS_NetMonitorDetailContentVC.m; sourceTree = "<group>"; };
		7D19841F23D6E0EC005AAE92 /* JCS_NetMonitorDetailHeaderView.h */ = {isa = PBXFileReference; lastKnownFileType = sourcecode.c.h; path = JCS_NetMonitorDetailHeaderView.h; sourceTree = "<group>"; };
		7D19842023D6E0EC005AAE92 /* JCS_NetMonitorDetailHeaderView.m */ = {isa = PBXFileReference; lastKnownFileType = sourcecode.c.objc; path = JCS_NetMonitorDetailHeaderView.m; sourceTree = "<group>"; };
		7D19842223D6E6C8005AAE92 /* JCS_NetMonitorDetailSinglePlainTextCell.h */ = {isa = PBXFileReference; lastKnownFileType = sourcecode.c.h; path = JCS_NetMonitorDetailSinglePlainTextCell.h; sourceTree = "<group>"; };
		7D19842323D6E6C8005AAE92 /* JCS_NetMonitorDetailSinglePlainTextCell.m */ = {isa = PBXFileReference; lastKnownFileType = sourcecode.c.objc; path = JCS_NetMonitorDetailSinglePlainTextCell.m; sourceTree = "<group>"; };
		7D19842523D6E735005AAE92 /* JCS_NetMonitorDetailRowsPlainTextCell.h */ = {isa = PBXFileReference; lastKnownFileType = sourcecode.c.h; path = JCS_NetMonitorDetailRowsPlainTextCell.h; sourceTree = "<group>"; };
		7D19842623D6E735005AAE92 /* JCS_NetMonitorDetailRowsPlainTextCell.m */ = {isa = PBXFileReference; lastKnownFileType = sourcecode.c.objc; path = JCS_NetMonitorDetailRowsPlainTextCell.m; sourceTree = "<group>"; };
		7D19842823D6E756005AAE92 /* JCS_NetMonitorDetailHeaderFieldCell.h */ = {isa = PBXFileReference; lastKnownFileType = sourcecode.c.h; path = JCS_NetMonitorDetailHeaderFieldCell.h; sourceTree = "<group>"; };
		7D19842923D6E756005AAE92 /* JCS_NetMonitorDetailHeaderFieldCell.m */ = {isa = PBXFileReference; lastKnownFileType = sourcecode.c.objc; path = JCS_NetMonitorDetailHeaderFieldCell.m; sourceTree = "<group>"; };
		7D19842C23D6E7B5005AAE92 /* JCS_NetMonitorRecordModel.h */ = {isa = PBXFileReference; lastKnownFileType = sourcecode.c.h; path = JCS_NetMonitorRecordModel.h; sourceTree = "<group>"; };
		7D19842D23D6E7B5005AAE92 /* JCS_NetMonitorRecordModel.m */ = {isa = PBXFileReference; lastKnownFileType = sourcecode.c.objc; path = JCS_NetMonitorRecordModel.m; sourceTree = "<group>"; };
		7D19843223D6E8B3005AAE92 /* JCS_NetMonitorDetailSingleArrowCell.h */ = {isa = PBXFileReference; lastKnownFileType = sourcecode.c.h; path = JCS_NetMonitorDetailSingleArrowCell.h; sourceTree = "<group>"; };
		7D19843323D6E8B3005AAE92 /* JCS_NetMonitorDetailSingleArrowCell.m */ = {isa = PBXFileReference; lastKnownFileType = sourcecode.c.objc; path = JCS_NetMonitorDetailSingleArrowCell.m; sourceTree = "<group>"; };
		7D3E58FB23D6906A009D473F /* JCS_NetMonitorVC.h */ = {isa = PBXFileReference; lastKnownFileType = sourcecode.c.h; path = JCS_NetMonitorVC.h; sourceTree = "<group>"; };
		7D3E58FC23D6906A009D473F /* JCS_NetMonitorVC.m */ = {isa = PBXFileReference; lastKnownFileType = sourcecode.c.objc; path = JCS_NetMonitorVC.m; sourceTree = "<group>"; };
		7D45A18E23D68A6500FD2977 /* JCS_Monitor.app */ = {isa = PBXFileReference; explicitFileType = wrapper.application; includeInIndex = 0; path = JCS_Monitor.app; sourceTree = BUILT_PRODUCTS_DIR; };
		7D45A19123D68A6500FD2977 /* AppDelegate.h */ = {isa = PBXFileReference; lastKnownFileType = sourcecode.c.h; path = AppDelegate.h; sourceTree = "<group>"; };
		7D45A19223D68A6500FD2977 /* AppDelegate.m */ = {isa = PBXFileReference; lastKnownFileType = sourcecode.c.objc; path = AppDelegate.m; sourceTree = "<group>"; };
		7D45A19423D68A6500FD2977 /* SceneDelegate.h */ = {isa = PBXFileReference; lastKnownFileType = sourcecode.c.h; path = SceneDelegate.h; sourceTree = "<group>"; };
		7D45A19523D68A6500FD2977 /* SceneDelegate.m */ = {isa = PBXFileReference; lastKnownFileType = sourcecode.c.objc; path = SceneDelegate.m; sourceTree = "<group>"; };
		7D45A19723D68A6500FD2977 /* ViewController.h */ = {isa = PBXFileReference; lastKnownFileType = sourcecode.c.h; path = ViewController.h; sourceTree = "<group>"; };
		7D45A19823D68A6500FD2977 /* ViewController.m */ = {isa = PBXFileReference; lastKnownFileType = sourcecode.c.objc; path = ViewController.m; sourceTree = "<group>"; };
		7D45A19B23D68A6500FD2977 /* Base */ = {isa = PBXFileReference; lastKnownFileType = file.storyboard; name = Base; path = Base.lproj/Main.storyboard; sourceTree = "<group>"; };
		7D45A19D23D68A6700FD2977 /* Assets.xcassets */ = {isa = PBXFileReference; lastKnownFileType = folder.assetcatalog; path = Assets.xcassets; sourceTree = "<group>"; };
		7D45A1A023D68A6700FD2977 /* Base */ = {isa = PBXFileReference; lastKnownFileType = file.storyboard; name = Base; path = Base.lproj/LaunchScreen.storyboard; sourceTree = "<group>"; };
		7D45A1A223D68A6700FD2977 /* Info.plist */ = {isa = PBXFileReference; lastKnownFileType = text.plist.xml; path = Info.plist; sourceTree = "<group>"; };
		7D45A1A323D68A6700FD2977 /* main.m */ = {isa = PBXFileReference; lastKnownFileType = sourcecode.c.objc; path = main.m; sourceTree = "<group>"; };
		92395A054C4B43932B697031 /* Pods-JCS_Monitor.debug.xcconfig */ = {isa = PBXFileReference; includeInIndex = 1; lastKnownFileType = text.xcconfig; name = "Pods-JCS_Monitor.debug.xcconfig"; path = "Target Support Files/Pods-JCS_Monitor/Pods-JCS_Monitor.debug.xcconfig"; sourceTree = "<group>"; };
		F03DA5527D331B1CFAF49478 /* Pods_JCS_Monitor.framework */ = {isa = PBXFileReference; explicitFileType = wrapper.framework; includeInIndex = 0; path = Pods_JCS_Monitor.framework; sourceTree = BUILT_PRODUCTS_DIR; };
/* End PBXFileReference section */

/* Begin PBXFrameworksBuildPhase section */
		7D45A18B23D68A6500FD2977 /* Frameworks */ = {
			isa = PBXFrameworksBuildPhase;
			buildActionMask = 2147483647;
			files = (
				49716DF8B6A5AA9B98E793DD /* Pods_JCS_Monitor.framework in Frameworks */,
			);
			runOnlyForDeploymentPostprocessing = 0;
		};
/* End PBXFrameworksBuildPhase section */

/* Begin PBXGroup section */
		7D19841A23D6E06D005AAE92 /* List */ = {
			isa = PBXGroup;
			children = (
				7D3E58FB23D6906A009D473F /* JCS_NetMonitorVC.h */,
				7D3E58FC23D6906A009D473F /* JCS_NetMonitorVC.m */,
				7D19841423D6CFCC005AAE92 /* JCS_NetMonitorListCell.h */,
				7D19841523D6CFCC005AAE92 /* JCS_NetMonitorListCell.m */,
			);
			path = List;
			sourceTree = "<group>";
		};
		7D19841B23D6E07B005AAE92 /* Detail */ = {
			isa = PBXGroup;
			children = (
				7D1C732323D714E70044E153 /* View */,
				7D19841723D6DF53005AAE92 /* JCS_NetMonitorDetailVC.h */,
				7D19841823D6DF53005AAE92 /* JCS_NetMonitorDetailVC.m */,
				7D19841C23D6E099005AAE92 /* JCS_NetMonitorDetailContentVC.h */,
				7D19841D23D6E099005AAE92 /* JCS_NetMonitorDetailContentVC.m */,
			);
			path = Detail;
			sourceTree = "<group>";
		};
		7D19842B23D6E796005AAE92 /* Model */ = {
			isa = PBXGroup;
			children = (
				7D19842C23D6E7B5005AAE92 /* JCS_NetMonitorRecordModel.h */,
				7D19842D23D6E7B5005AAE92 /* JCS_NetMonitorRecordModel.m */,
			);
			path = Model;
			sourceTree = "<group>";
		};
		7D1C732323D714E70044E153 /* View */ = {
			isa = PBXGroup;
			children = (
				7D19841F23D6E0EC005AAE92 /* JCS_NetMonitorDetailHeaderView.h */,
				7D19842023D6E0EC005AAE92 /* JCS_NetMonitorDetailHeaderView.m */,
				7D19842223D6E6C8005AAE92 /* JCS_NetMonitorDetailSinglePlainTextCell.h */,
				7D19842323D6E6C8005AAE92 /* JCS_NetMonitorDetailSinglePlainTextCell.m */,
				7D19843223D6E8B3005AAE92 /* JCS_NetMonitorDetailSingleArrowCell.h */,
				7D19843323D6E8B3005AAE92 /* JCS_NetMonitorDetailSingleArrowCell.m */,
				7D19842523D6E735005AAE92 /* JCS_NetMonitorDetailRowsPlainTextCell.h */,
				7D19842623D6E735005AAE92 /* JCS_NetMonitorDetailRowsPlainTextCell.m */,
				7D19842823D6E756005AAE92 /* JCS_NetMonitorDetailHeaderFieldCell.h */,
				7D19842923D6E756005AAE92 /* JCS_NetMonitorDetailHeaderFieldCell.m */,
			);
			path = View;
			sourceTree = "<group>";
		};
		7D3E58F723D68D2D009D473F /* JCS_Monitor */ = {
			isa = PBXGroup;
			children = (
				7D3E58FA23D6902C009D473F /* MonitorVC */,
			);
			path = JCS_Monitor;
			sourceTree = "<group>";
		};
		7D3E58F923D68FF7009D473F /* Other */ = {
			isa = PBXGroup;
			children = (
				7D45A19123D68A6500FD2977 /* AppDelegate.h */,
				7D45A19223D68A6500FD2977 /* AppDelegate.m */,
				7D45A19423D68A6500FD2977 /* SceneDelegate.h */,
				7D45A19523D68A6500FD2977 /* SceneDelegate.m */,
				7D45A19723D68A6500FD2977 /* ViewController.h */,
				7D45A19823D68A6500FD2977 /* ViewController.m */,
				7D45A19A23D68A6500FD2977 /* Main.storyboard */,
				7D45A19D23D68A6700FD2977 /* Assets.xcassets */,
				7D45A19F23D68A6700FD2977 /* LaunchScreen.storyboard */,
				7D45A1A223D68A6700FD2977 /* Info.plist */,
				7D45A1A323D68A6700FD2977 /* main.m */,
			);
			name = Other;
			sourceTree = "<group>";
		};
		7D3E58FA23D6902C009D473F /* MonitorVC */ = {
			isa = PBXGroup;
			children = (
				7D19842B23D6E796005AAE92 /* Model */,
				7D19841B23D6E07B005AAE92 /* Detail */,
				7D19841A23D6E06D005AAE92 /* List */,
			);
			path = MonitorVC;
			sourceTree = "<group>";
		};
		7D45A18523D68A6500FD2977 = {
			isa = PBXGroup;
			children = (
				7D45A19023D68A6500FD2977 /* JCS_Monitor */,
				7D45A18F23D68A6500FD2977 /* Products */,
				A6406E0F5862A186E55E0453 /* Pods */,
				A3B6BAE0AC33A87AB2B5BEF3 /* Frameworks */,
			);
			sourceTree = "<group>";
		};
		7D45A18F23D68A6500FD2977 /* Products */ = {
			isa = PBXGroup;
			children = (
				7D45A18E23D68A6500FD2977 /* JCS_Monitor.app */,
			);
			name = Products;
			sourceTree = "<group>";
		};
		7D45A19023D68A6500FD2977 /* JCS_Monitor */ = {
			isa = PBXGroup;
			children = (
				7D3E58F723D68D2D009D473F /* JCS_Monitor */,
				7D3E58F923D68FF7009D473F /* Other */,
			);
			path = JCS_Monitor;
			sourceTree = "<group>";
		};
		A3B6BAE0AC33A87AB2B5BEF3 /* Frameworks */ = {
			isa = PBXGroup;
			children = (
				F03DA5527D331B1CFAF49478 /* Pods_JCS_Monitor.framework */,
			);
			name = Frameworks;
			sourceTree = "<group>";
		};
		A6406E0F5862A186E55E0453 /* Pods */ = {
			isa = PBXGroup;
			children = (
				92395A054C4B43932B697031 /* Pods-JCS_Monitor.debug.xcconfig */,
				79FB9EDDEB489AFA02B7A133 /* Pods-JCS_Monitor.release.xcconfig */,
			);
			path = Pods;
			sourceTree = "<group>";
		};
/* End PBXGroup section */

/* Begin PBXNativeTarget section */
		7D45A18D23D68A6500FD2977 /* JCS_Monitor */ = {
			isa = PBXNativeTarget;
			buildConfigurationList = 7D45A1A723D68A6700FD2977 /* Build configuration list for PBXNativeTarget "JCS_Monitor" */;
			buildPhases = (
				C9A2A451C844C67FF8CCEEE3 /* [CP] Check Pods Manifest.lock */,
				7D45A18A23D68A6500FD2977 /* Sources */,
				7D45A18B23D68A6500FD2977 /* Frameworks */,
				7D45A18C23D68A6500FD2977 /* Resources */,
				4D44CF7B60617882D4DE1781 /* [CP] Embed Pods Frameworks */,
			);
			buildRules = (
			);
			dependencies = (
			);
			name = JCS_Monitor;
			productName = JCS_Monitor;
			productReference = 7D45A18E23D68A6500FD2977 /* JCS_Monitor.app */;
			productType = "com.apple.product-type.application";
		};
/* End PBXNativeTarget section */

/* Begin PBXProject section */
		7D45A18623D68A6500FD2977 /* Project object */ = {
			isa = PBXProject;
			attributes = {
				LastUpgradeCheck = 1110;
				ORGANIZATIONNAME = yongping;
				TargetAttributes = {
					7D45A18D23D68A6500FD2977 = {
						CreatedOnToolsVersion = 11.1;
					};
				};
			};
			buildConfigurationList = 7D45A18923D68A6500FD2977 /* Build configuration list for PBXProject "JCS_Monitor" */;
			compatibilityVersion = "Xcode 9.3";
			developmentRegion = en;
			hasScannedForEncodings = 0;
			knownRegions = (
				en,
				Base,
			);
			mainGroup = 7D45A18523D68A6500FD2977;
			productRefGroup = 7D45A18F23D68A6500FD2977 /* Products */;
			projectDirPath = "";
			projectRoot = "";
			targets = (
				7D45A18D23D68A6500FD2977 /* JCS_Monitor */,
			);
		};
/* End PBXProject section */

/* Begin PBXResourcesBuildPhase section */
		7D45A18C23D68A6500FD2977 /* Resources */ = {
			isa = PBXResourcesBuildPhase;
			buildActionMask = 2147483647;
			files = (
				7D45A1A123D68A6700FD2977 /* LaunchScreen.storyboard in Resources */,
				7D45A19E23D68A6700FD2977 /* Assets.xcassets in Resources */,
				7D45A19C23D68A6500FD2977 /* Main.storyboard in Resources */,
			);
			runOnlyForDeploymentPostprocessing = 0;
		};
/* End PBXResourcesBuildPhase section */

/* Begin PBXShellScriptBuildPhase section */
		4D44CF7B60617882D4DE1781 /* [CP] Embed Pods Frameworks */ = {
			isa = PBXShellScriptBuildPhase;
			buildActionMask = 2147483647;
			files = (
			);
			inputFileListPaths = (
				"${PODS_ROOT}/Target Support Files/Pods-JCS_Monitor/Pods-JCS_Monitor-frameworks-${CONFIGURATION}-input-files.xcfilelist",
			);
			name = "[CP] Embed Pods Frameworks";
			outputFileListPaths = (
				"${PODS_ROOT}/Target Support Files/Pods-JCS_Monitor/Pods-JCS_Monitor-frameworks-${CONFIGURATION}-output-files.xcfilelist",
			);
			runOnlyForDeploymentPostprocessing = 0;
			shellPath = /bin/sh;
			shellScript = "\"${PODS_ROOT}/Target Support Files/Pods-JCS_Monitor/Pods-JCS_Monitor-frameworks.sh\"\n";
			showEnvVarsInLog = 0;
		};
		C9A2A451C844C67FF8CCEEE3 /* [CP] Check Pods Manifest.lock */ = {
			isa = PBXShellScriptBuildPhase;
			buildActionMask = 2147483647;
			files = (
			);
			inputFileListPaths = (
			);
			inputPaths = (
				"${PODS_PODFILE_DIR_PATH}/Podfile.lock",
				"${PODS_ROOT}/Manifest.lock",
			);
			name = "[CP] Check Pods Manifest.lock";
			outputFileListPaths = (
			);
			outputPaths = (
				"$(DERIVED_FILE_DIR)/Pods-JCS_Monitor-checkManifestLockResult.txt",
			);
			runOnlyForDeploymentPostprocessing = 0;
			shellPath = /bin/sh;
			shellScript = "diff \"${PODS_PODFILE_DIR_PATH}/Podfile.lock\" \"${PODS_ROOT}/Manifest.lock\" > /dev/null\nif [ $? != 0 ] ; then\n    # print error to STDERR\n    echo \"error: The sandbox is not in sync with the Podfile.lock. Run 'pod install' or update your CocoaPods installation.\" >&2\n    exit 1\nfi\n# This output is used by Xcode 'outputs' to avoid re-running this script phase.\necho \"SUCCESS\" > \"${SCRIPT_OUTPUT_FILE_0}\"\n";
			showEnvVarsInLog = 0;
		};
/* End PBXShellScriptBuildPhase section */

/* Begin PBXSourcesBuildPhase section */
		7D45A18A23D68A6500FD2977 /* Sources */ = {
			isa = PBXSourcesBuildPhase;
			buildActionMask = 2147483647;
			files = (
				7D19842E23D6E7B5005AAE92 /* JCS_NetMonitorRecordModel.m in Sources */,
				7D19842423D6E6C8005AAE92 /* JCS_NetMonitorDetailSinglePlainTextCell.m in Sources */,
				7D19841923D6DF53005AAE92 /* JCS_NetMonitorDetailVC.m in Sources */,
				7D19842A23D6E756005AAE92 /* JCS_NetMonitorDetailHeaderFieldCell.m in Sources */,
				7D45A19923D68A6500FD2977 /* ViewController.m in Sources */,
				7D19842123D6E0EC005AAE92 /* JCS_NetMonitorDetailHeaderView.m in Sources */,
				7D19842723D6E735005AAE92 /* JCS_NetMonitorDetailRowsPlainTextCell.m in Sources */,
				7D45A19323D68A6500FD2977 /* AppDelegate.m in Sources */,
				7D45A1A423D68A6700FD2977 /* main.m in Sources */,
				7D45A19623D68A6500FD2977 /* SceneDelegate.m in Sources */,
				7D3E58FD23D6906A009D473F /* JCS_NetMonitorVC.m in Sources */,
				7D19841623D6CFCC005AAE92 /* JCS_NetMonitorListCell.m in Sources */,
				7D19843423D6E8B3005AAE92 /* JCS_NetMonitorDetailSingleArrowCell.m in Sources */,
				7D19841E23D6E099005AAE92 /* JCS_NetMonitorDetailContentVC.m in Sources */,
			);
			runOnlyForDeploymentPostprocessing = 0;
		};
/* End PBXSourcesBuildPhase section */

/* Begin PBXVariantGroup section */
		7D45A19A23D68A6500FD2977 /* Main.storyboard */ = {
			isa = PBXVariantGroup;
			children = (
				7D45A19B23D68A6500FD2977 /* Base */,
			);
			name = Main.storyboard;
			sourceTree = "<group>";
		};
		7D45A19F23D68A6700FD2977 /* LaunchScreen.storyboard */ = {
			isa = PBXVariantGroup;
			children = (
				7D45A1A023D68A6700FD2977 /* Base */,
			);
			name = LaunchScreen.storyboard;
			sourceTree = "<group>";
		};
/* End PBXVariantGroup section */

/* Begin XCBuildConfiguration section */
		7D45A1A523D68A6700FD2977 /* Debug */ = {
			isa = XCBuildConfiguration;
			buildSettings = {
				ALWAYS_SEARCH_USER_PATHS = NO;
				CLANG_ANALYZER_NONNULL = YES;
				CLANG_ANALYZER_NUMBER_OBJECT_CONVERSION = YES_AGGRESSIVE;
				CLANG_CXX_LANGUAGE_STANDARD = "gnu++14";
				CLANG_CXX_LIBRARY = "libc++";
				CLANG_ENABLE_MODULES = YES;
				CLANG_ENABLE_OBJC_ARC = YES;
				CLANG_ENABLE_OBJC_WEAK = YES;
				CLANG_WARN_BLOCK_CAPTURE_AUTORELEASING = YES;
				CLANG_WARN_BOOL_CONVERSION = YES;
				CLANG_WARN_COMMA = YES;
				CLANG_WARN_CONSTANT_CONVERSION = YES;
				CLANG_WARN_DEPRECATED_OBJC_IMPLEMENTATIONS = YES;
				CLANG_WARN_DIRECT_OBJC_ISA_USAGE = YES_ERROR;
				CLANG_WARN_DOCUMENTATION_COMMENTS = YES;
				CLANG_WARN_EMPTY_BODY = YES;
				CLANG_WARN_ENUM_CONVERSION = YES;
				CLANG_WARN_INFINITE_RECURSION = YES;
				CLANG_WARN_INT_CONVERSION = YES;
				CLANG_WARN_NON_LITERAL_NULL_CONVERSION = YES;
				CLANG_WARN_OBJC_IMPLICIT_RETAIN_SELF = YES;
				CLANG_WARN_OBJC_LITERAL_CONVERSION = YES;
				CLANG_WARN_OBJC_ROOT_CLASS = YES_ERROR;
				CLANG_WARN_RANGE_LOOP_ANALYSIS = YES;
				CLANG_WARN_STRICT_PROTOTYPES = YES;
				CLANG_WARN_SUSPICIOUS_MOVE = YES;
				CLANG_WARN_UNGUARDED_AVAILABILITY = YES_AGGRESSIVE;
				CLANG_WARN_UNREACHABLE_CODE = YES;
				CLANG_WARN__DUPLICATE_METHOD_MATCH = YES;
				COPY_PHASE_STRIP = NO;
				DEBUG_INFORMATION_FORMAT = dwarf;
				ENABLE_STRICT_OBJC_MSGSEND = YES;
				ENABLE_TESTABILITY = YES;
				GCC_C_LANGUAGE_STANDARD = gnu11;
				GCC_DYNAMIC_NO_PIC = NO;
				GCC_NO_COMMON_BLOCKS = YES;
				GCC_OPTIMIZATION_LEVEL = 0;
				GCC_PREPROCESSOR_DEFINITIONS = (
					"DEBUG=1",
					"$(inherited)",
				);
				GCC_WARN_64_TO_32_BIT_CONVERSION = YES;
				GCC_WARN_ABOUT_RETURN_TYPE = YES_ERROR;
				GCC_WARN_UNDECLARED_SELECTOR = YES;
				GCC_WARN_UNINITIALIZED_AUTOS = YES_AGGRESSIVE;
				GCC_WARN_UNUSED_FUNCTION = YES;
				GCC_WARN_UNUSED_VARIABLE = YES;
				IPHONEOS_DEPLOYMENT_TARGET = 9.0;
				MTL_ENABLE_DEBUG_INFO = INCLUDE_SOURCE;
				MTL_FAST_MATH = YES;
				ONLY_ACTIVE_ARCH = YES;
				SDKROOT = iphoneos;
			};
			name = Debug;
		};
		7D45A1A623D68A6700FD2977 /* Release */ = {
			isa = XCBuildConfiguration;
			buildSettings = {
				ALWAYS_SEARCH_USER_PATHS = NO;
				CLANG_ANALYZER_NONNULL = YES;
				CLANG_ANALYZER_NUMBER_OBJECT_CONVERSION = YES_AGGRESSIVE;
				CLANG_CXX_LANGUAGE_STANDARD = "gnu++14";
				CLANG_CXX_LIBRARY = "libc++";
				CLANG_ENABLE_MODULES = YES;
				CLANG_ENABLE_OBJC_ARC = YES;
				CLANG_ENABLE_OBJC_WEAK = YES;
				CLANG_WARN_BLOCK_CAPTURE_AUTORELEASING = YES;
				CLANG_WARN_BOOL_CONVERSION = YES;
				CLANG_WARN_COMMA = YES;
				CLANG_WARN_CONSTANT_CONVERSION = YES;
				CLANG_WARN_DEPRECATED_OBJC_IMPLEMENTATIONS = YES;
				CLANG_WARN_DIRECT_OBJC_ISA_USAGE = YES_ERROR;
				CLANG_WARN_DOCUMENTATION_COMMENTS = YES;
				CLANG_WARN_EMPTY_BODY = YES;
				CLANG_WARN_ENUM_CONVERSION = YES;
				CLANG_WARN_INFINITE_RECURSION = YES;
				CLANG_WARN_INT_CONVERSION = YES;
				CLANG_WARN_NON_LITERAL_NULL_CONVERSION = YES;
				CLANG_WARN_OBJC_IMPLICIT_RETAIN_SELF = YES;
				CLANG_WARN_OBJC_LITERAL_CONVERSION = YES;
				CLANG_WARN_OBJC_ROOT_CLASS = YES_ERROR;
				CLANG_WARN_RANGE_LOOP_ANALYSIS = YES;
				CLANG_WARN_STRICT_PROTOTYPES = YES;
				CLANG_WARN_SUSPICIOUS_MOVE = YES;
				CLANG_WARN_UNGUARDED_AVAILABILITY = YES_AGGRESSIVE;
				CLANG_WARN_UNREACHABLE_CODE = YES;
				CLANG_WARN__DUPLICATE_METHOD_MATCH = YES;
				COPY_PHASE_STRIP = NO;
				DEBUG_INFORMATION_FORMAT = "dwarf-with-dsym";
				ENABLE_NS_ASSERTIONS = NO;
				ENABLE_STRICT_OBJC_MSGSEND = YES;
				GCC_C_LANGUAGE_STANDARD = gnu11;
				GCC_NO_COMMON_BLOCKS = YES;
				GCC_WARN_64_TO_32_BIT_CONVERSION = YES;
				GCC_WARN_ABOUT_RETURN_TYPE = YES_ERROR;
				GCC_WARN_UNDECLARED_SELECTOR = YES;
				GCC_WARN_UNINITIALIZED_AUTOS = YES_AGGRESSIVE;
				GCC_WARN_UNUSED_FUNCTION = YES;
				GCC_WARN_UNUSED_VARIABLE = YES;
				IPHONEOS_DEPLOYMENT_TARGET = 9.0;
				MTL_ENABLE_DEBUG_INFO = NO;
				MTL_FAST_MATH = YES;
				SDKROOT = iphoneos;
				VALIDATE_PRODUCT = YES;
			};
			name = Release;
		};
		7D45A1A823D68A6700FD2977 /* Debug */ = {
			isa = XCBuildConfiguration;
			baseConfigurationReference = 92395A054C4B43932B697031 /* Pods-JCS_Monitor.debug.xcconfig */;
			buildSettings = {
				ASSETCATALOG_COMPILER_APPICON_NAME = AppIcon;
				CODE_SIGN_STYLE = Automatic;
				DEVELOPMENT_TEAM = U63496999C;
				INFOPLIST_FILE = JCS_Monitor/Info.plist;
				LD_RUNPATH_SEARCH_PATHS = (
					"$(inherited)",
					"@executable_path/Frameworks",
				);
				PRODUCT_BUNDLE_IDENTIFIER = "com.jackcat.JCS-Monitor";
				PRODUCT_NAME = "$(TARGET_NAME)";
				TARGETED_DEVICE_FAMILY = "1,2";
			};
			name = Debug;
		};
		7D45A1A923D68A6700FD2977 /* Release */ = {
			isa = XCBuildConfiguration;
			baseConfigurationReference = 79FB9EDDEB489AFA02B7A133 /* Pods-JCS_Monitor.release.xcconfig */;
			buildSettings = {
				ASSETCATALOG_COMPILER_APPICON_NAME = AppIcon;
				CODE_SIGN_STYLE = Automatic;
				DEVELOPMENT_TEAM = U63496999C;
				INFOPLIST_FILE = JCS_Monitor/Info.plist;
				LD_RUNPATH_SEARCH_PATHS = (
					"$(inherited)",
					"@executable_path/Frameworks",
				);
				PRODUCT_BUNDLE_IDENTIFIER = "com.jackcat.JCS-Monitor";
				PRODUCT_NAME = "$(TARGET_NAME)";
				TARGETED_DEVICE_FAMILY = "1,2";
			};
			name = Release;
		};
/* End XCBuildConfiguration section */

/* Begin XCConfigurationList section */
		7D45A18923D68A6500FD2977 /* Build configuration list for PBXProject "JCS_Monitor" */ = {
			isa = XCConfigurationList;
			buildConfigurations = (
				7D45A1A523D68A6700FD2977 /* Debug */,
				7D45A1A623D68A6700FD2977 /* Release */,
			);
			defaultConfigurationIsVisible = 0;
			defaultConfigurationName = Release;
		};
		7D45A1A723D68A6700FD2977 /* Build configuration list for PBXNativeTarget "JCS_Monitor" */ = {
			isa = XCConfigurationList;
			buildConfigurations = (
				7D45A1A823D68A6700FD2977 /* Debug */,
				7D45A1A923D68A6700FD2977 /* Release */,
			);
			defaultConfigurationIsVisible = 0;
			defaultConfigurationName = Release;
		};
/* End XCConfigurationList section */
	};
	rootObject = 7D45A18623D68A6500FD2977 /* Project object */;
}
